
Microsoft Visual Studio Solution File, Format Version 12.00
# Visual Studio Version 17
VisualStudioVersion = 17.3.32825.248
MinimumVisualStudioVersion = 10.0.40219.1
Project("{8BC9CEB8-8B4A-11D0-8D11-00A0C91BC942}") = "ShowMeAPicture", "ShowMeAPicture\ShowMeAPicture.vcxproj", "{07B8840F-4C2C-4881-8C2D-D631BC437F59}"
EndProject
Project("{8BC9CEB8-8B4A-11D0-8D11-00A0C91BC942}") = "Mix", "Mix\Mix.vcxproj", "{7472651D-D4B8-4540-8C64-DD4723C6BE5F}"
EndProject
Project("{8BC9CEB8-8B4A-11D0-8D11-00A0C91BC942}") = "Blur", "Blur\Blur.vcxproj", "{01E395F5-E8CA-4382-BDD6-B4A5CB3F0E1C}"
EndProject
Global
	GlobalSection(SolutionConfigurationPlatforms) = preSolution
		Debug|x64 = Debug|x64
		Debug|x86 = Debug|x86
		Release|x64 = Release|x64
		Release|x86 = Release|x86
	EndGlobalSection
	GlobalSection(ProjectConfigurationPlatforms) = postSolution
		{07B8840F-4C2C-4881-8C2D-D631BC437F59}.Debug|x64.ActiveCfg = Debug|x64
		{07B8840F-4C2C-4881-8C2D-D631BC437F59}.Debug|x64.Build.0 = Debug|x64
		{07B8840F-4C2C-4881-8C2D-D631BC437F59}.Debug|x86.ActiveCfg = Debug|Win32
		{07B8840F-4C2C-4881-8C2D-D631BC437F59}.Debug|x86.Build.0 = Debug|Win32
		{07B8840F-4C2C-4881-8C2D-D631BC437F59}.Release|x64.ActiveCfg = Release|x64
		{07B8840F-4C2C-4881-8C2D-D631BC437F59}.Release|x64.Build.0 = Release|x64
		{07B8840F-4C2C-4881-8C2D-D631BC437F59}.Release|x86.ActiveCfg = Release|Win32
		{07B8840F-4C2C-4881-8C2D-D631BC437F59}.Release|x86.Build.0 = Release|Win32
		{7472651D-D4B8-4540-8C64-DD4723C6BE5F}.Debug|x64.ActiveCfg = Debug|x64
		{7472651D-D4B8-4540-8C64-DD4723C6BE5F}.Debug|x64.Build.0 = Debug|x64
		{7472651D-D4B8-4540-8C64-DD4723C6BE5F}.Debug|x86.ActiveCfg = Debug|Win32
		{7472651D-D4B8-4540-8C64-DD4723C6BE5F}.Debug|x86.Build.0 = Debug|Win32
		{7472651D-D4B8-4540-8C64-DD4723C6BE5F}.Release|x64.ActiveCfg = Release|x64
		{7472651D-D4B8-4540-8C64-DD4723C6BE5F}.Release|x64.Build.0 = Release|x64
		{7472651D-D4B8-4540-8C64-DD4723C6BE5F}.Release|x86.ActiveCfg = Release|Win32
		{7472651D-D4B8-4540-8C64-DD4723C6BE5F}.Release|x86.Build.0 = Release|Win32
		{01E395F5-E8CA-4382-BDD6-B4A5CB3F0E1C}.Debug|x64.ActiveCfg = Debug|x64
		{01E395F5-E8CA-4382-BDD6-B4A5CB3F0E1C}.Debug|x64.Build.0 = Debug|x64
		{01E395F5-E8CA-4382-BDD6-B4A5CB3F0E1C}.Debug|x86.ActiveCfg = Debug|Win32
		{01E395F5-E8CA-4382-BDD6-B4A5CB3F0E1C}.Debug|x86.Build.0 = Debug|Win32
		{01E395F5-E8CA-4382-BDD6-B4A5CB3F0E1C}.Release|x64.ActiveCfg = Release|x64
		{01E395F5-E8CA-4382-BDD6-B4A5CB3F0E1C}.Release|x64.Build.0 = Release|x64
		{01E395F5-E8CA-4382-BDD6-B4A5CB3F0E1C}.Release|x86.ActiveCfg = Release|Win32
		{01E395F5-E8CA-4382-BDD6-B4A5CB3F0E1C}.Release|x86.Build.0 = Release|Win32
	EndGlobalSection
	GlobalSection(SolutionProperties) = preSolution
		HideSolutionNode = FALSE
	EndGlobalSection
	GlobalSection(ExtensibilityGlobals) = postSolution
		SolutionGuid = {801BEAEB-7E66-4C64-B13C-49DDD716FDC6}
	EndGlobalSection
EndGlobal
